// !$*UTF8*$!
{
	archiveVersion = 1;
	classes = {
	};
	objectVersion = 50;
	objects = {

/* Begin PBXBuildFile section */
		2F0F598A255DE0B400AA7CF9 /* AppDelegate.swift in Sources */ = {isa = PBXBuildFile; fileRef = 2F0F5989255DE0B400AA7CF9 /* AppDelegate.swift */; };
		2F0F598C255DE0B400AA7CF9 /* SceneDelegate.swift in Sources */ = {isa = PBXBuildFile; fileRef = 2F0F598B255DE0B400AA7CF9 /* SceneDelegate.swift */; };
		2F0F598E255DE0B400AA7CF9 /* FriendsTableViewController.swift in Sources */ = {isa = PBXBuildFile; fileRef = 2F0F598D255DE0B400AA7CF9 /* FriendsTableViewController.swift */; };
		2F0F5991255DE0B400AA7CF9 /* Main.storyboard in Resources */ = {isa = PBXBuildFile; fileRef = 2F0F598F255DE0B400AA7CF9 /* Main.storyboard */; };
		2F0F5993255DE0B500AA7CF9 /* Assets.xcassets in Resources */ = {isa = PBXBuildFile; fileRef = 2F0F5992255DE0B500AA7CF9 /* Assets.xcassets */; };
		2F0F5996255DE0B500AA7CF9 /* LaunchScreen.storyboard in Resources */ = {isa = PBXBuildFile; fileRef = 2F0F5994255DE0B500AA7CF9 /* LaunchScreen.storyboard */; };
		2F0F59A1255DE0B500AA7CF9 /* MainStoryboardTests.swift in Sources */ = {isa = PBXBuildFile; fileRef = 2F0F59A0255DE0B500AA7CF9 /* MainStoryboardTests.swift */; };
		2F0F59AC255DE0B500AA7CF9 /* FriendFinderUITests.swift in Sources */ = {isa = PBXBuildFile; fileRef = 2F0F59AB255DE0B500AA7CF9 /* FriendFinderUITests.swift */; };
/* End PBXBuildFile section */

/* Begin PBXContainerItemProxy section */
		2F0F599D255DE0B500AA7CF9 /* PBXContainerItemProxy */ = {
			isa = PBXContainerItemProxy;
			containerPortal = 2F0F597E255DE0B400AA7CF9 /* Project object */;
			proxyType = 1;
			remoteGlobalIDString = 2F0F5985255DE0B400AA7CF9;
			remoteInfo = FriendFinder;
		};
		2F0F59A8255DE0B500AA7CF9 /* PBXContainerItemProxy */ = {
			isa = PBXContainerItemProxy;
			containerPortal = 2F0F597E255DE0B400AA7CF9 /* Project object */;
			proxyType = 1;
			remoteGlobalIDString = 2F0F5985255DE0B400AA7CF9;
			remoteInfo = FriendFinder;
		};
/* End PBXContainerItemProxy section */

/* Begin PBXFileReference section */
		2F0F5986255DE0B400AA7CF9 /* FriendFinder.app */ = {isa = PBXFileReference; explicitFileType = wrapper.application; includeInIndex = 0; path = FriendFinder.app; sourceTree = BUILT_PRODUCTS_DIR; };
		2F0F5989255DE0B400AA7CF9 /* AppDelegate.swift */ = {isa = PBXFileReference; lastKnownFileType = sourcecode.swift; path = AppDelegate.swift; sourceTree = "<group>"; };
		2F0F598B255DE0B400AA7CF9 /* SceneDelegate.swift */ = {isa = PBXFileReference; lastKnownFileType = sourcecode.swift; path = SceneDelegate.swift; sourceTree = "<group>"; };
		2F0F598D255DE0B400AA7CF9 /* FriendsTableViewController.swift */ = {isa = PBXFileReference; lastKnownFileType = sourcecode.swift; path = FriendsTableViewController.swift; sourceTree = "<group>"; };
		2F0F5990255DE0B400AA7CF9 /* Base */ = {isa = PBXFileReference; lastKnownFileType = file.storyboard; name = Base; path = Base.lproj/Main.storyboard; sourceTree = "<group>"; };
		2F0F5992255DE0B500AA7CF9 /* Assets.xcassets */ = {isa = PBXFileReference; lastKnownFileType = folder.assetcatalog; path = Assets.xcassets; sourceTree = "<group>"; };
		2F0F5995255DE0B500AA7CF9 /* Base */ = {isa = PBXFileReference; lastKnownFileType = file.storyboard; name = Base; path = Base.lproj/LaunchScreen.storyboard; sourceTree = "<group>"; };
		2F0F5997255DE0B500AA7CF9 /* Info.plist */ = {isa = PBXFileReference; lastKnownFileType = text.plist.xml; path = Info.plist; sourceTree = "<group>"; };
		2F0F599C255DE0B500AA7CF9 /* FriendFinderTests.xctest */ = {isa = PBXFileReference; explicitFileType = wrapper.cfbundle; includeInIndex = 0; path = FriendFinderTests.xctest; sourceTree = BUILT_PRODUCTS_DIR; };
		2F0F59A0255DE0B500AA7CF9 /* MainStoryboardTests.swift */ = {isa = PBXFileReference; lastKnownFileType = sourcecode.swift; path = MainStoryboardTests.swift; sourceTree = "<group>"; };
		2F0F59A2255DE0B500AA7CF9 /* Info.plist */ = {isa = PBXFileReference; lastKnownFileType = text.plist.xml; path = Info.plist; sourceTree = "<group>"; };
		2F0F59A7255DE0B500AA7CF9 /* FriendFinderUITests.xctest */ = {isa = PBXFileReference; explicitFileType = wrapper.cfbundle; includeInIndex = 0; path = FriendFinderUITests.xctest; sourceTree = BUILT_PRODUCTS_DIR; };
		2F0F59AB255DE0B500AA7CF9 /* FriendFinderUITests.swift */ = {isa = PBXFileReference; lastKnownFileType = sourcecode.swift; path = FriendFinderUITests.swift; sourceTree = "<group>"; };
		2F0F59AD255DE0B500AA7CF9 /* Info.plist */ = {isa = PBXFileReference; lastKnownFileType = text.plist.xml; path = Info.plist; sourceTree = "<group>"; };
/* End PBXFileReference section */

/* Begin PBXFrameworksBuildPhase section */
		2F0F5983255DE0B400AA7CF9 /* Frameworks */ = {
			isa = PBXFrameworksBuildPhase;
			buildActionMask = 2147483647;
			files = (
			);
			runOnlyForDeploymentPostprocessing = 0;
		};
		2F0F5999255DE0B500AA7CF9 /* Frameworks */ = {
			isa = PBXFrameworksBuildPhase;
			buildActionMask = 2147483647;
			files = (
			);
			runOnlyForDeploymentPostprocessing = 0;
		};
		2F0F59A4255DE0B500AA7CF9 /* Frameworks */ = {
			isa = PBXFrameworksBuildPhase;
			buildActionMask = 2147483647;
			files = (
			);
			runOnlyForDeploymentPostprocessing = 0;
		};
/* End PBXFrameworksBuildPhase section */

/* Begin PBXGroup section */
		2F0F597D255DE0B400AA7CF9 = {
			isa = PBXGroup;
			children = (
				2F0F5988255DE0B400AA7CF9 /* FriendFinder */,
				2F0F599F255DE0B500AA7CF9 /* FriendFinderTests */,
				2F0F59AA255DE0B500AA7CF9 /* FriendFinderUITests */,
				2F0F5987255DE0B400AA7CF9 /* Products */,
			);
			sourceTree = "<group>";
		};
		2F0F5987255DE0B400AA7CF9 /* Products */ = {
			isa = PBXGroup;
			children = (
				2F0F5986255DE0B400AA7CF9 /* FriendFinder.app */,
				2F0F599C255DE0B500AA7CF9 /* FriendFinderTests.xctest */,
				2F0F59A7255DE0B500AA7CF9 /* FriendFinderUITests.xctest */,
			);
			name = Products;
			sourceTree = "<group>";
		};
		2F0F5988255DE0B400AA7CF9 /* FriendFinder */ = {
			isa = PBXGroup;
			children = (
				2F0F5989255DE0B400AA7CF9 /* AppDelegate.swift */,
				2F0F598B255DE0B400AA7CF9 /* SceneDelegate.swift */,
				2F0F598D255DE0B400AA7CF9 /* FriendsTableViewController.swift */,
				2F0F598F255DE0B400AA7CF9 /* Main.storyboard */,
				2F0F5992255DE0B500AA7CF9 /* Assets.xcassets */,
				2F0F5994255DE0B500AA7CF9 /* LaunchScreen.storyboard */,
				2F0F5997255DE0B500AA7CF9 /* Info.plist */,
			);
			path = FriendFinder;
			sourceTree = "<group>";
		};
		2F0F599F255DE0B500AA7CF9 /* FriendFinderTests */ = {
			isa = PBXGroup;
			children = (
				2F0F59A0255DE0B500AA7CF9 /* MainStoryboardTests.swift */,
				2F0F59A2255DE0B500AA7CF9 /* Info.plist */,
			);
			path = FriendFinderTests;
			sourceTree = "<group>";
		};
		2F0F59AA255DE0B500AA7CF9 /* FriendFinderUITests */ = {
			isa = PBXGroup;
			children = (
				2F0F59AB255DE0B500AA7CF9 /* FriendFinderUITests.swift */,
				2F0F59AD255DE0B500AA7CF9 /* Info.plist */,
			);
			path = FriendFinderUITests;
			sourceTree = "<group>";
		};
/* End PBXGroup section */

/* Begin PBXNativeTarget section */
		2F0F5985255DE0B400AA7CF9 /* FriendFinder */ = {
			isa = PBXNativeTarget;
			buildConfigurationList = 2F0F59B0255DE0B500AA7CF9 /* Build configuration list for PBXNativeTarget "FriendFinder" */;
			buildPhases = (
				2F0F5982255DE0B400AA7CF9 /* Sources */,
				2F0F5983255DE0B400AA7CF9 /* Frameworks */,
				2F0F5984255DE0B400AA7CF9 /* Resources */,
			);
			buildRules = (
			);
			dependencies = (
			);
			name = FriendFinder;
			productName = FriendFinder;
			productReference = 2F0F5986255DE0B400AA7CF9 /* FriendFinder.app */;
			productType = "com.apple.product-type.application";
		};
		2F0F599B255DE0B500AA7CF9 /* FriendFinderTests */ = {
			isa = PBXNativeTarget;
			buildConfigurationList = 2F0F59B3255DE0B500AA7CF9 /* Build configuration list for PBXNativeTarget "FriendFinderTests" */;
			buildPhases = (
				2F0F5998255DE0B500AA7CF9 /* Sources */,
				2F0F5999255DE0B500AA7CF9 /* Frameworks */,
				2F0F599A255DE0B500AA7CF9 /* Resources */,
			);
			buildRules = (
			);
			dependencies = (
				2F0F599E255DE0B500AA7CF9 /* PBXTargetDependency */,
			);
			name = FriendFinderTests;
			productName = FriendFinderTests;
			productReference = 2F0F599C255DE0B500AA7CF9 /* FriendFinderTests.xctest */;
			productType = "com.apple.product-type.bundle.unit-test";
		};
		2F0F59A6255DE0B500AA7CF9 /* FriendFinderUITests */ = {
			isa = PBXNativeTarget;
			buildConfigurationList = 2F0F59B6255DE0B500AA7CF9 /* Build configuration list for PBXNativeTarget "FriendFinderUITests" */;
			buildPhases = (
				2F0F59A3255DE0B500AA7CF9 /* Sources */,
				2F0F59A4255DE0B500AA7CF9 /* Frameworks */,
				2F0F59A5255DE0B500AA7CF9 /* Resources */,
			);
			buildRules = (
			);
			dependencies = (
				2F0F59A9255DE0B500AA7CF9 /* PBXTargetDependency */,
			);
			name = FriendFinderUITests;
			productName = FriendFinderUITests;
			productReference = 2F0F59A7255DE0B500AA7CF9 /* FriendFinderUITests.xctest */;
			productType = "com.apple.product-type.bundle.ui-testing";
		};
/* End PBXNativeTarget section */

/* Begin PBXProject section */
		2F0F597E255DE0B400AA7CF9 /* Project object */ = {
			isa = PBXProject;
			attributes = {
				LastSwiftUpdateCheck = 1210;
				LastUpgradeCheck = 1210;
				TargetAttributes = {
					2F0F5985255DE0B400AA7CF9 = {
						CreatedOnToolsVersion = 12.1;
					};
					2F0F599B255DE0B500AA7CF9 = {
						CreatedOnToolsVersion = 12.1;
						TestTargetID = 2F0F5985255DE0B400AA7CF9;
					};
					2F0F59A6255DE0B500AA7CF9 = {
						CreatedOnToolsVersion = 12.1;
						TestTargetID = 2F0F5985255DE0B400AA7CF9;
					};
				};
			};
			buildConfigurationList = 2F0F5981255DE0B400AA7CF9 /* Build configuration list for PBXProject "FriendFinder" */;
			compatibilityVersion = "Xcode 9.3";
			developmentRegion = en;
			hasScannedForEncodings = 0;
			knownRegions = (
				en,
				Base,
			);
			mainGroup = 2F0F597D255DE0B400AA7CF9;
			productRefGroup = 2F0F5987255DE0B400AA7CF9 /* Products */;
			projectDirPath = "";
			projectRoot = "";
			targets = (
				2F0F5985255DE0B400AA7CF9 /* FriendFinder */,
				2F0F599B255DE0B500AA7CF9 /* FriendFinderTests */,
				2F0F59A6255DE0B500AA7CF9 /* FriendFinderUITests */,
			);
		};
/* End PBXProject section */

/* Begin PBXResourcesBuildPhase section */
		2F0F5984255DE0B400AA7CF9 /* Resources */ = {
			isa = PBXResourcesBuildPhase;
			buildActionMask = 2147483647;
			files = (
				2F0F5996255DE0B500AA7CF9 /* LaunchScreen.storyboard in Resources */,
				2F0F5993255DE0B500AA7CF9 /* Assets.xcassets in Resources */,
				2F0F5991255DE0B400AA7CF9 /* Main.storyboard in Resources */,
			);
			runOnlyForDeploymentPostprocessing = 0;
		};
		2F0F599A255DE0B500AA7CF9 /* Resources */ = {
			isa = PBXResourcesBuildPhase;
			buildActionMask = 2147483647;
			files = (
			);
			runOnlyForDeploymentPostprocessing = 0;
		};
		2F0F59A5255DE0B500AA7CF9 /* Resources */ = {
			isa = PBXResourcesBuildPhase;
			buildActionMask = 2147483647;
			files = (
			);
			runOnlyForDeploymentPostprocessing = 0;
		};
/* End PBXResourcesBuildPhase section */

/* Begin PBXSourcesBuildPhase section */
		2F0F5982255DE0B400AA7CF9 /* Sources */ = {
			isa = PBXSourcesBuildPhase;
			buildActionMask = 2147483647;
			files = (
				2F0F598E255DE0B400AA7CF9 /* FriendsTableViewController.swift in Sources */,
				2F0F598A255DE0B400AA7CF9 /* AppDelegate.swift in Sources */,
				2F0F598C255DE0B400AA7CF9 /* SceneDelegate.swift in Sources */,
			);
			runOnlyForDeploymentPostprocessing = 0;
		};
		2F0F5998255DE0B500AA7CF9 /* Sources */ = {
			isa = PBXSourcesBuildPhase;
			buildActionMask = 2147483647;
			files = (
				2F0F59A1255DE0B500AA7CF9 /* MainStoryboardTests.swift in Sources */,
			);
			runOnlyForDeploymentPostprocessing = 0;
		};
		2F0F59A3255DE0B500AA7CF9 /* Sources */ = {
			isa = PBXSourcesBuildPhase;
			buildActionMask = 2147483647;
			files = (
				2F0F59AC255DE0B500AA7CF9 /* FriendFinderUITests.swift in Sources */,
			);
			runOnlyForDeploymentPostprocessing = 0;
		};
/* End PBXSourcesBuildPhase section */

/* Begin PBXTargetDependency section */
		2F0F599E255DE0B500AA7CF9 /* PBXTargetDependency */ = {
			isa = PBXTargetDependency;
			target = 2F0F5985255DE0B400AA7CF9 /* FriendFinder */;
			targetProxy = 2F0F599D255DE0B500AA7CF9 /* PBXContainerItemProxy */;
		};
		2F0F59A9255DE0B500AA7CF9 /* PBXTargetDependency */ = {
			isa = PBXTargetDependency;
			target = 2F0F5985255DE0B400AA7CF9 /* FriendFinder */;
			targetProxy = 2F0F59A8255DE0B500AA7CF9 /* PBXContainerItemProxy */;
		};
/* End PBXTargetDependency section */

/* Begin PBXVariantGroup section */
		2F0F598F255DE0B400AA7CF9 /* Main.storyboard */ = {
			isa = PBXVariantGroup;
			children = (
				2F0F5990255DE0B400AA7CF9 /* Base */,
			);
			name = Main.storyboard;
			sourceTree = "<group>";
		};
		2F0F5994255DE0B500AA7CF9 /* LaunchScreen.storyboard */ = {
			isa = PBXVariantGroup;
			children = (
				2F0F5995255DE0B500AA7CF9 /* Base */,
			);
			name = LaunchScreen.storyboard;
			sourceTree = "<group>";
		};
/* End PBXVariantGroup section */

/* Begin XCBuildConfiguration section */
		2F0F59AE255DE0B500AA7CF9 /* Debug */ = {
			isa = XCBuildConfiguration;
			buildSettings = {
				ALWAYS_SEARCH_USER_PATHS = NO;
				CLANG_ANALYZER_NONNULL = YES;
				CLANG_ANALYZER_NUMBER_OBJECT_CONVERSION = YES_AGGRESSIVE;
				CLANG_CXX_LANGUAGE_STANDARD = "gnu++14";
				CLANG_CXX_LIBRARY = "libc++";
				CLANG_ENABLE_MODULES = YES;
				CLANG_ENABLE_OBJC_ARC = YES;
				CLANG_ENABLE_OBJC_WEAK = YES;
				CLANG_WARN_BLOCK_CAPTURE_AUTORELEASING = YES;
				CLANG_WARN_BOOL_CONVERSION = YES;
				CLANG_WARN_COMMA = YES;
				CLANG_WARN_CONSTANT_CONVERSION = YES;
				CLANG_WARN_DEPRECATED_OBJC_IMPLEMENTATIONS = YES;
				CLANG_WARN_DIRECT_OBJC_ISA_USAGE = YES_ERROR;
				CLANG_WARN_DOCUMENTATION_COMMENTS = YES;
				CLANG_WARN_EMPTY_BODY = YES;
				CLANG_WARN_ENUM_CONVERSION = YES;
				CLANG_WARN_INFINITE_RECURSION = YES;
				CLANG_WARN_INT_CONVERSION = YES;
				CLANG_WARN_NON_LITERAL_NULL_CONVERSION = YES;
				CLANG_WARN_OBJC_IMPLICIT_RETAIN_SELF = YES;
				CLANG_WARN_OBJC_LITERAL_CONVERSION = YES;
				CLANG_WARN_OBJC_ROOT_CLASS = YES_ERROR;
				CLANG_WARN_QUOTED_INCLUDE_IN_FRAMEWORK_HEADER = YES;
				CLANG_WARN_RANGE_LOOP_ANALYSIS = YES;
				CLANG_WARN_STRICT_PROTOTYPES = YES;
				CLANG_WARN_SUSPICIOUS_MOVE = YES;
				CLANG_WARN_UNGUARDED_AVAILABILITY = YES_AGGRESSIVE;
				CLANG_WARN_UNREACHABLE_CODE = YES;
				CLANG_WARN__DUPLICATE_METHOD_MATCH = YES;
				COPY_PHASE_STRIP = NO;
				DEBUG_INFORMATION_FORMAT = dwarf;
				ENABLE_STRICT_OBJC_MSGSEND = YES;
				ENABLE_TESTABILITY = YES;
				GCC_C_LANGUAGE_STANDARD = gnu11;
				GCC_DYNAMIC_NO_PIC = NO;
				GCC_NO_COMMON_BLOCKS = YES;
				GCC_OPTIMIZATION_LEVEL = 0;
				GCC_PREPROCESSOR_DEFINITIONS = (
					"DEBUG=1",
					"$(inherited)",
				);
				GCC_WARN_64_TO_32_BIT_CONVERSION = YES;
				GCC_WARN_ABOUT_RETURN_TYPE = YES_ERROR;
				GCC_WARN_UNDECLARED_SELECTOR = YES;
				GCC_WARN_UNINITIALIZED_AUTOS = YES_AGGRESSIVE;
				GCC_WARN_UNUSED_FUNCTION = YES;
				GCC_WARN_UNUSED_VARIABLE = YES;
				IPHONEOS_DEPLOYMENT_TARGET = 11.0;
				MTL_ENABLE_DEBUG_INFO = INCLUDE_SOURCE;
				MTL_FAST_MATH = YES;
				ONLY_ACTIVE_ARCH = YES;
				SDKROOT = iphoneos;
				SWIFT_ACTIVE_COMPILATION_CONDITIONS = DEBUG;
				SWIFT_OPTIMIZATION_LEVEL = "-Onone";
			};
			name = Debug;
		};
		2F0F59AF255DE0B500AA7CF9 /* Release */ = {
			isa = XCBuildConfiguration;
			buildSettings = {
				ALWAYS_SEARCH_USER_PATHS = NO;
				CLANG_ANALYZER_NONNULL = YES;
				CLANG_ANALYZER_NUMBER_OBJECT_CONVERSION = YES_AGGRESSIVE;
				CLANG_CXX_LANGUAGE_STANDARD = "gnu++14";
				CLANG_CXX_LIBRARY = "libc++";
				CLANG_ENABLE_MODULES = YES;
				CLANG_ENABLE_OBJC_ARC = YES;
				CLANG_ENABLE_OBJC_WEAK = YES;
				CLANG_WARN_BLOCK_CAPTURE_AUTORELEASING = YES;
				CLANG_WARN_BOOL_CONVERSION = YES;
				CLANG_WARN_COMMA = YES;
				CLANG_WARN_CONSTANT_CONVERSION = YES;
				CLANG_WARN_DEPRECATED_OBJC_IMPLEMENTATIONS = YES;
				CLANG_WARN_DIRECT_OBJC_ISA_USAGE = YES_ERROR;
				CLANG_WARN_DOCUMENTATION_COMMENTS = YES;
				CLANG_WARN_EMPTY_BODY = YES;
				CLANG_WARN_ENUM_CONVERSION = YES;
				CLANG_WARN_INFINITE_RECURSION = YES;
				CLANG_WARN_INT_CONVERSION = YES;
				CLANG_WARN_NON_LITERAL_NULL_CONVERSION = YES;
				CLANG_WARN_OBJC_IMPLICIT_RETAIN_SELF = YES;
				CLANG_WARN_OBJC_LITERAL_CONVERSION = YES;
				CLANG_WARN_OBJC_ROOT_CLASS = YES_ERROR;
				CLANG_WARN_QUOTED_INCLUDE_IN_FRAMEWORK_HEADER = YES;
				CLANG_WARN_RANGE_LOOP_ANALYSIS = YES;
				CLANG_WARN_STRICT_PROTOTYPES = YES;
				CLANG_WARN_SUSPICIOUS_MOVE = YES;
				CLANG_WARN_UNGUARDED_AVAILABILITY = YES_AGGRESSIVE;
				CLANG_WARN_UNREACHABLE_CODE = YES;
				CLANG_WARN__DUPLICATE_METHOD_MATCH = YES;
				COPY_PHASE_STRIP = NO;
				DEBUG_INFORMATION_FORMAT = "dwarf-with-dsym";
				ENABLE_NS_ASSERTIONS = NO;
				ENABLE_STRICT_OBJC_MSGSEND = YES;
				GCC_C_LANGUAGE_STANDARD = gnu11;
				GCC_NO_COMMON_BLOCKS = YES;
				GCC_WARN_64_TO_32_BIT_CONVERSION = YES;
				GCC_WARN_ABOUT_RETURN_TYPE = YES_ERROR;
				GCC_WARN_UNDECLARED_SELECTOR = YES;
				GCC_WARN_UNINITIALIZED_AUTOS = YES_AGGRESSIVE;
				GCC_WARN_UNUSED_FUNCTION = YES;
				GCC_WARN_UNUSED_VARIABLE = YES;
				IPHONEOS_DEPLOYMENT_TARGET = 11.0;
				MTL_ENABLE_DEBUG_INFO = NO;
				MTL_FAST_MATH = YES;
				SDKROOT = iphoneos;
				SWIFT_COMPILATION_MODE = wholemodule;
				SWIFT_OPTIMIZATION_LEVEL = "-O";
				VALIDATE_PRODUCT = YES;
			};
			name = Release;
		};
		2F0F59B1255DE0B500AA7CF9 /* Debug */ = {
			isa = XCBuildConfiguration;
			buildSettings = {
				ASSETCATALOG_COMPILER_APPICON_NAME = AppIcon;
				ASSETCATALOG_COMPILER_GLOBAL_ACCENT_COLOR_NAME = AccentColor;
				CODE_SIGN_STYLE = Automatic;
				INFOPLIST_FILE = FriendFinder/Info.plist;
				LD_RUNPATH_SEARCH_PATHS = (
					"$(inherited)",
					"@executable_path/Frameworks",
				);
				PRODUCT_BUNDLE_IDENTIFIER = com.lukluca.FriendFinder;
				PRODUCT_NAME = "$(TARGET_NAME)";
				SWIFT_VERSION = 5.0;
				TARGETED_DEVICE_FAMILY = "1,2";
			};
			name = Debug;
		};
		2F0F59B2255DE0B500AA7CF9 /* Release */ = {
			isa = XCBuildConfiguration;
			buildSettings = {
				ASSETCATALOG_COMPILER_APPICON_NAME = AppIcon;
				ASSETCATALOG_COMPILER_GLOBAL_ACCENT_COLOR_NAME = AccentColor;
				CODE_SIGN_STYLE = Automatic;
				INFOPLIST_FILE = FriendFinder/Info.plist;
				LD_RUNPATH_SEARCH_PATHS = (
					"$(inherited)",
					"@executable_path/Frameworks",
				);
				PRODUCT_BUNDLE_IDENTIFIER = com.lukluca.FriendFinder;
				PRODUCT_NAME = "$(TARGET_NAME)";
				SWIFT_VERSION = 5.0;
				TARGETED_DEVICE_FAMILY = "1,2";
			};
			name = Release;
		};
		2F0F59B4255DE0B500AA7CF9 /* Debug */ = {
			isa = XCBuildConfiguration;
			buildSettings = {
				ALWAYS_EMBED_SWIFT_STANDARD_LIBRARIES = YES;
				BUNDLE_LOADER = "$(TEST_HOST)";
				CODE_SIGN_STYLE = Automatic;
				INFOPLIST_FILE = FriendFinderTests/Info.plist;
				IPHONEOS_DEPLOYMENT_TARGET = 14.1;
				LD_RUNPATH_SEARCH_PATHS = (
					"$(inherited)",
					"@executable_path/Frameworks",
					"@loader_path/Frameworks",
				);
				PRODUCT_BUNDLE_IDENTIFIER = com.lukluca.FriendFinderTests;
				PRODUCT_NAME = "$(TARGET_NAME)";
				SWIFT_VERSION = 5.0;
				TARGETED_DEVICE_FAMILY = "1,2";
				TEST_HOST = "$(BUILT_PRODUCTS_DIR)/FriendFinder.app/FriendFinder";
			};
			name = Debug;
		};
		2F0F59B5255DE0B500AA7CF9 /* Release */ = {
			isa = XCBuildConfiguration;
			buildSettings = {
				ALWAYS_EMBED_SWIFT_STANDARD_LIBRARIES = YES;
				BUNDLE_LOADER = "$(TEST_HOST)";
				CODE_SIGN_STYLE = Automatic;
				INFOPLIST_FILE = FriendFinderTests/Info.plist;
				IPHONEOS_DEPLOYMENT_TARGET = 14.1;
				LD_RUNPATH_SEARCH_PATHS = (
					"$(inherited)",
					"@executable_path/Frameworks",
					"@loader_path/Frameworks",
				);
				PRODUCT_BUNDLE_IDENTIFIER = com.lukluca.FriendFinderTests;
				PRODUCT_NAME = "$(TARGET_NAME)";
				SWIFT_VERSION = 5.0;
				TARGETED_DEVICE_FAMILY = "1,2";
				TEST_HOST = "$(BUILT_PRODUCTS_DIR)/FriendFinder.app/FriendFinder";
			};
			name = Release;
		};
		2F0F59B7255DE0B500AA7CF9 /* Debug */ = {
			isa = XCBuildConfiguration;
			buildSettings = {
				ALWAYS_EMBED_SWIFT_STANDARD_LIBRARIES = YES;
				CODE_SIGN_STYLE = Automatic;
				INFOPLIST_FILE = FriendFinderUITests/Info.plist;
				LD_RUNPATH_SEARCH_PATHS = (
					"$(inherited)",
					"@executable_path/Frameworks",
					"@loader_path/Frameworks",
				);
				PRODUCT_BUNDLE_IDENTIFIER = com.lukluca.FriendFinderUITests;
				PRODUCT_NAME = "$(TARGET_NAME)";
				SWIFT_VERSION = 5.0;
				TARGETED_DEVICE_FAMILY = "1,2";
				TEST_TARGET_NAME = FriendFinder;
			};
			name = Debug;
		};
		2F0F59B8255DE0B500AA7CF9 /* Release */ = {
			isa = XCBuildConfiguration;
			buildSettings = {
				ALWAYS_EMBED_SWIFT_STANDARD_LIBRARIES = YES;
				CODE_SIGN_STYLE = Automatic;
				INFOPLIST_FILE = FriendFinderUITests/Info.plist;
				LD_RUNPATH_SEARCH_PATHS = (
					"$(inherited)",
					"@executable_path/Frameworks",
					"@loader_path/Frameworks",
				);
				PRODUCT_BUNDLE_IDENTIFIER = com.lukluca.FriendFinderUITests;
				PRODUCT_NAME = "$(TARGET_NAME)";
				SWIFT_VERSION = 5.0;
				TARGETED_DEVICE_FAMILY = "1,2";
				TEST_TARGET_NAME = FriendFinder;
			};
			name = Release;
		};
/* End XCBuildConfiguration section */

/* Begin XCConfigurationList section */
		2F0F5981255DE0B400AA7CF9 /* Build configuration list for PBXProject "FriendFinder" */ = {
			isa = XCConfigurationList;
			buildConfigurations = (
				2F0F59AE255DE0B500AA7CF9 /* Debug */,
				2F0F59AF255DE0B500AA7CF9 /* Release */,
			);
			defaultConfigurationIsVisible = 0;
			defaultConfigurationName = Release;
		};
		2F0F59B0255DE0B500AA7CF9 /* Build configuration list for PBXNativeTarget "FriendFinder" */ = {
			isa = XCConfigurationList;
			buildConfigurations = (
				2F0F59B1255DE0B500AA7CF9 /* Debug */,
				2F0F59B2255DE0B500AA7CF9 /* Release */,
			);
			defaultConfigurationIsVisible = 0;
			defaultConfigurationName = Release;
		};
		2F0F59B3255DE0B500AA7CF9 /* Build configuration list for PBXNativeTarget "FriendFinderTests" */ = {
			isa = XCConfigurationList;
			buildConfigurations = (
				2F0F59B4255DE0B500AA7CF9 /* Debug */,
				2F0F59B5255DE0B500AA7CF9 /* Release */,
			);
			defaultConfigurationIsVisible = 0;
			defaultConfigurationName = Release;
		};
		2F0F59B6255DE0B500AA7CF9 /* Build configuration list for PBXNativeTarget "FriendFinderUITests" */ = {
			isa = XCConfigurationList;
			buildConfigurations = (
				2F0F59B7255DE0B500AA7CF9 /* Debug */,
				2F0F59B8255DE0B500AA7CF9 /* Release */,
			);
			defaultConfigurationIsVisible = 0;
			defaultConfigurationName = Release;
		};
/* End XCConfigurationList section */
	};
	rootObject = 2F0F597E255DE0B400AA7CF9 /* Project object */;
}
